
Microsoft Visual Studio Solution File, Format Version 12.00
# Visual Studio Version 17
VisualStudioVersion = 17.12.35527.113
MinimumVisualStudioVersion = 10.0.40219.1
Project("{FAE04EC0-301F-11D3-BF4B-00C04F79EFBC}") = "AspNetCoreEcommerce", "AspNetCoreEcommerce.csproj", "{58E12522-9C18-4719-B498-F1846034DBEA}"
EndProject
Project("{FAE04EC0-301F-11D3-BF4B-00C04F79EFBC}") = "AspNetCoreEcommerceTests", "..\AspNetCoreEcommerceTests\AspNetCoreEcommerceTests.csproj", "{8773E125-4D2D-4286-97E3-588E6CAEC95E}"
EndProject
Global
	GlobalSection(SolutionConfigurationPlatforms) = preSolution
		Debug|Any CPU = Debug|Any CPU
		Debug|x64 = Debug|x64
		Debug|x86 = Debug|x86
		Release|Any CPU = Release|Any CPU
		Release|x64 = Release|x64
		Release|x86 = Release|x86
	EndGlobalSection
	GlobalSection(ProjectConfigurationPlatforms) = postSolution
		{58E12522-9C18-4719-B498-F1846034DBEA}.Debug|Any CPU.ActiveCfg = Debug|Any CPU
		{58E12522-9C18-4719-B498-F1846034DBEA}.Debug|Any CPU.Build.0 = Debug|Any CPU
		{58E12522-9C18-4719-B498-F1846034DBEA}.Debug|x64.ActiveCfg = Debug|Any CPU
		{58E12522-9C18-4719-B498-F1846034DBEA}.Debug|x64.Build.0 = Debug|Any CPU
		{58E12522-9C18-4719-B498-F1846034DBEA}.Debug|x86.ActiveCfg = Debug|Any CPU
		{58E12522-9C18-4719-B498-F1846034DBEA}.Debug|x86.Build.0 = Debug|Any CPU
		{58E12522-9C18-4719-B498-F1846034DBEA}.Release|Any CPU.ActiveCfg = Release|Any CPU
		{58E12522-9C18-4719-B498-F1846034DBEA}.Release|Any CPU.Build.0 = Release|Any CPU
		{58E12522-9C18-4719-B498-F1846034DBEA}.Release|x64.ActiveCfg = Release|Any CPU
		{58E12522-9C18-4719-B498-F1846034DBEA}.Release|x64.Build.0 = Release|Any CPU
		{58E12522-9C18-4719-B498-F1846034DBEA}.Release|x86.ActiveCfg = Release|Any CPU
		{58E12522-9C18-4719-B498-F1846034DBEA}.Release|x86.Build.0 = Release|Any CPU
		{8773E125-4D2D-4286-97E3-588E6CAEC95E}.Debug|Any CPU.ActiveCfg = Debug|Any CPU
		{8773E125-4D2D-4286-97E3-588E6CAEC95E}.Debug|Any CPU.Build.0 = Debug|Any CPU
		{8773E125-4D2D-4286-97E3-588E6CAEC95E}.Debug|x64.ActiveCfg = Debug|Any CPU
		{8773E125-4D2D-4286-97E3-588E6CAEC95E}.Debug|x64.Build.0 = Debug|Any CPU
		{8773E125-4D2D-4286-97E3-588E6CAEC95E}.Debug|x86.ActiveCfg = Debug|Any CPU
		{8773E125-4D2D-4286-97E3-588E6CAEC95E}.Debug|x86.Build.0 = Debug|Any CPU
		{8773E125-4D2D-4286-97E3-588E6CAEC95E}.Release|Any CPU.ActiveCfg = Release|Any CPU
		{8773E125-4D2D-4286-97E3-588E6CAEC95E}.Release|Any CPU.Build.0 = Release|Any CPU
		{8773E125-4D2D-4286-97E3-588E6CAEC95E}.Release|x64.ActiveCfg = Release|Any CPU
		{8773E125-4D2D-4286-97E3-588E6CAEC95E}.Release|x64.Build.0 = Release|Any CPU
		{8773E125-4D2D-4286-97E3-588E6CAEC95E}.Release|x86.ActiveCfg = Release|Any CPU
		{8773E125-4D2D-4286-97E3-588E6CAEC95E}.Release|x86.Build.0 = Release|Any CPU
	EndGlobalSection
	GlobalSection(SolutionProperties) = preSolution
		HideSolutionNode = FALSE
	EndGlobalSection
	GlobalSection(ExtensibilityGlobals) = postSolution
		SolutionGuid = {EA9F34D4-6E47-4074-B8A7-CBC47782468F}
	EndGlobalSection
EndGlobal
