
Microsoft Visual Studio Solution File, Format Version 12.00
# Visual Studio Version 17
VisualStudioVersion = 17.12.35527.113
MinimumVisualStudioVersion = 10.0.40219.1
Project("{FAE04EC0-301F-11D3-BF4B-00C04F79EFBC}") = "Entities", "src\Core\Entities\Entities.csproj", "{B667A7FA-37E4-455E-AC80-C29E78101BD0}"
EndProject
Project("{FAE04EC0-301F-11D3-BF4B-00C04F79EFBC}") = "Data", "src\Infrastructure\Data\Data.csproj", "{25C63BF1-08C2-46D1-99A9-19CA0062E2E5}"
EndProject
Project("{FAE04EC0-301F-11D3-BF4B-00C04F79EFBC}") = "ApiTest", "Tests\ApiTest\ApiTest.csproj", "{1EBDCC1B-8612-4C46-8545-CC2BE1686C2B}"
EndProject
Project("{FAE04EC0-301F-11D3-BF4B-00C04F79EFBC}") = "EcommerceAPi", "src\Presentation\Api\EcommerceAPi\EcommerceAPi.csproj", "{818F00C7-92DA-44BD-825F-8F05F0ED799F}"
EndProject
Project("{FAE04EC0-301F-11D3-BF4B-00C04F79EFBC}") = "DataTransferObjects", "src\Presentation\DataTransferObjects\DataTransferObjects.csproj", "{21B4FE55-29DA-4B0F-8738-5EAB8F8A6E9E}"
EndProject
Project("{FAE04EC0-301F-11D3-BF4B-00C04F79EFBC}") = "Repositories", "src\Infrastructure\Repositories\Repositories.csproj", "{21B4FE55-39DA-4B0F-8738-5EAB8F8A6E9E}"
EndProject
Project("{FAE04EC0-301F-11D3-BF4B-00C04F79EFBC}") = "Services", "src\Infrastructure\Services\Services.csproj", "{4420515E-82E5-45B2-B17E-96798D0F43AF}"
	ProjectSection(ProjectDependencies) = postProject
		{21B4FE55-29DA-4B0F-8738-5EAB8F8A6E9E} = {21B4FE55-29DA-4B0F-8738-5EAB8F8A6E9E}
		{21B4FE55-39DA-4B0F-8738-5EAB8F8A6E9E} = {21B4FE55-39DA-4B0F-8738-5EAB8F8A6E9E}
		{B667A7FA-37E4-455E-AC80-C29E78101BD0} = {B667A7FA-37E4-455E-AC80-C29E78101BD0}
	EndProjectSection
EndProject
Global
	GlobalSection(SolutionConfigurationPlatforms) = preSolution
		Debug|Any CPU = Debug|Any CPU
		Release|Any CPU = Release|Any CPU
	EndGlobalSection
	GlobalSection(ProjectConfigurationPlatforms) = postSolution
		{B667A7FA-37E4-455E-AC80-C29E78101BD0}.Debug|Any CPU.ActiveCfg = Debug|Any CPU
		{B667A7FA-37E4-455E-AC80-C29E78101BD0}.Debug|Any CPU.Build.0 = Debug|Any CPU
		{B667A7FA-37E4-455E-AC80-C29E78101BD0}.Release|Any CPU.ActiveCfg = Release|Any CPU
		{B667A7FA-37E4-455E-AC80-C29E78101BD0}.Release|Any CPU.Build.0 = Release|Any CPU
		{25C63BF1-08C2-46D1-99A9-19CA0062E2E5}.Debug|Any CPU.ActiveCfg = Debug|Any CPU
		{25C63BF1-08C2-46D1-99A9-19CA0062E2E5}.Debug|Any CPU.Build.0 = Debug|Any CPU
		{25C63BF1-08C2-46D1-99A9-19CA0062E2E5}.Release|Any CPU.ActiveCfg = Release|Any CPU
		{25C63BF1-08C2-46D1-99A9-19CA0062E2E5}.Release|Any CPU.Build.0 = Release|Any CPU
		{1EBDCC1B-8612-4C46-8545-CC2BE1686C2B}.Debug|Any CPU.ActiveCfg = Debug|Any CPU
		{1EBDCC1B-8612-4C46-8545-CC2BE1686C2B}.Debug|Any CPU.Build.0 = Debug|Any CPU
		{1EBDCC1B-8612-4C46-8545-CC2BE1686C2B}.Release|Any CPU.ActiveCfg = Release|Any CPU
		{1EBDCC1B-8612-4C46-8545-CC2BE1686C2B}.Release|Any CPU.Build.0 = Release|Any CPU
		{818F00C7-92DA-44BD-825F-8F05F0ED799F}.Debug|Any CPU.ActiveCfg = Debug|Any CPU
		{818F00C7-92DA-44BD-825F-8F05F0ED799F}.Debug|Any CPU.Build.0 = Debug|Any CPU
		{818F00C7-92DA-44BD-825F-8F05F0ED799F}.Release|Any CPU.ActiveCfg = Release|Any CPU
		{818F00C7-92DA-44BD-825F-8F05F0ED799F}.Release|Any CPU.Build.0 = Release|Any CPU
		{21B4FE55-29DA-4B0F-8738-5EAB8F8A6E9E}.Debug|Any CPU.ActiveCfg = Debug|Any CPU
		{21B4FE55-29DA-4B0F-8738-5EAB8F8A6E9E}.Debug|Any CPU.Build.0 = Debug|Any CPU
		{21B4FE55-29DA-4B0F-8738-5EAB8F8A6E9E}.Release|Any CPU.ActiveCfg = Release|Any CPU
		{21B4FE55-29DA-4B0F-8738-5EAB8F8A6E9E}.Release|Any CPU.Build.0 = Release|Any CPU
		{21B4FE55-39DA-4B0F-8738-5EAB8F8A6E9E}.Debug|Any CPU.ActiveCfg = Debug|Any CPU
		{21B4FE55-39DA-4B0F-8738-5EAB8F8A6E9E}.Debug|Any CPU.Build.0 = Debug|Any CPU
		{21B4FE55-39DA-4B0F-8738-5EAB8F8A6E9E}.Release|Any CPU.ActiveCfg = Release|Any CPU
		{21B4FE55-39DA-4B0F-8738-5EAB8F8A6E9E}.Release|Any CPU.Build.0 = Release|Any CPU
		{4420515E-82E5-45B2-B17E-96798D0F43AF}.Debug|Any CPU.ActiveCfg = Debug|Any CPU
		{4420515E-82E5-45B2-B17E-96798D0F43AF}.Debug|Any CPU.Build.0 = Debug|Any CPU
		{4420515E-82E5-45B2-B17E-96798D0F43AF}.Release|Any CPU.ActiveCfg = Release|Any CPU
		{4420515E-82E5-45B2-B17E-96798D0F43AF}.Release|Any CPU.Build.0 = Release|Any CPU
	EndGlobalSection
	GlobalSection(SolutionProperties) = preSolution
		HideSolutionNode = FALSE
	EndGlobalSection
EndGlobal
